
Microsoft Visual Studio Solution File, Format Version 12.00
# Visual Studio Version 17
VisualStudioVersion = 17.3.32901.215
MinimumVisualStudioVersion = 10.0.40219.1
Project("{FAE04EC0-301F-11D3-BF4B-00C04F79EFBC}") = "CSharpConverter", "CSharpConverter\CSharpConverter.csproj", "{34E917A2-7E08-469C-BF90-4649CE6CD171}"
EndProject
Project("{FAE04EC0-301F-11D3-BF4B-00C04F79EFBC}") = "Test", "Test\Test.csproj", "{6D23108D-BA52-4D32-8868-55D9CECAF9D6}"
EndProject
Global
	GlobalSection(SolutionConfigurationPlatforms) = preSolution
		Debug|Any CPU = Debug|Any CPU
		Release|Any CPU = Release|Any CPU
	EndGlobalSection
	GlobalSection(ProjectConfigurationPlatforms) = postSolution
		{34E917A2-7E08-469C-BF90-4649CE6CD171}.Debug|Any CPU.ActiveCfg = Debug|Any CPU
		{34E917A2-7E08-469C-BF90-4649CE6CD171}.Debug|Any CPU.Build.0 = Debug|Any CPU
		{34E917A2-7E08-469C-BF90-4649CE6CD171}.Release|Any CPU.ActiveCfg = Release|Any CPU
		{34E917A2-7E08-469C-BF90-4649CE6CD171}.Release|Any CPU.Build.0 = Release|Any CPU
		{6D23108D-BA52-4D32-8868-55D9CECAF9D6}.Debug|Any CPU.ActiveCfg = Debug|Any CPU
		{6D23108D-BA52-4D32-8868-55D9CECAF9D6}.Debug|Any CPU.Build.0 = Debug|Any CPU
		{6D23108D-BA52-4D32-8868-55D9CECAF9D6}.Release|Any CPU.ActiveCfg = Release|Any CPU
		{6D23108D-BA52-4D32-8868-55D9CECAF9D6}.Release|Any CPU.Build.0 = Release|Any CPU
	EndGlobalSection
	GlobalSection(SolutionProperties) = preSolution
		HideSolutionNode = FALSE
	EndGlobalSection
	GlobalSection(ExtensibilityGlobals) = postSolution
		SolutionGuid = {327A1E97-8C83-45DB-A410-997C4CB4A39A}
	EndGlobalSection
EndGlobal
